// !$*UTF8*$!
{
	archiveVersion = 1;
	classes = {
	};
	objectVersion = 48;
	objects = {

/* Begin PBXBuildFile section */
		C082552E2110491900A591B2 /* AppDelegate.m in Sources */ = {isa = PBXBuildFile; fileRef = C082552D2110491900A591B2 /* AppDelegate.m */; };
		C08255312110491900A591B2 /* ViewController.m in Sources */ = {isa = PBXBuildFile; fileRef = C08255302110491900A591B2 /* ViewController.m */; };
		C08255342110491900A591B2 /* Main.storyboard in Resources */ = {isa = PBXBuildFile; fileRef = C08255322110491900A591B2 /* Main.storyboard */; };
		C08255362110491900A591B2 /* Assets.xcassets in Resources */ = {isa = PBXBuildFile; fileRef = C08255352110491900A591B2 /* Assets.xcassets */; };
		C08255392110491900A591B2 /* LaunchScreen.storyboard in Resources */ = {isa = PBXBuildFile; fileRef = C08255372110491900A591B2 /* LaunchScreen.storyboard */; };
		C082553C2110491900A591B2 /* main.m in Sources */ = {isa = PBXBuildFile; fileRef = C082553B2110491900A591B2 /* main.m */; };
		C0825547211049B600A591B2 /* ViewController+Swizzling.m in Sources */ = {isa = PBXBuildFile; fileRef = C0825546211049B600A591B2 /* ViewController+Swizzling.m */; };
/* End PBXBuildFile section */

/* Begin PBXFileReference section */
		C08255292110491900A591B2 /* MethodSwizzling.app */ = {isa = PBXFileReference; explicitFileType = wrapper.application; includeInIndex = 0; path = MethodSwizzling.app; sourceTree = BUILT_PRODUCTS_DIR; };
		C082552C2110491900A591B2 /* AppDelegate.h */ = {isa = PBXFileReference; lastKnownFileType = sourcecode.c.h; path = AppDelegate.h; sourceTree = "<group>"; };
		C082552D2110491900A591B2 /* AppDelegate.m */ = {isa = PBXFileReference; lastKnownFileType = sourcecode.c.objc; path = AppDelegate.m; sourceTree = "<group>"; };
		C082552F2110491900A591B2 /* ViewController.h */ = {isa = PBXFileReference; lastKnownFileType = sourcecode.c.h; path = ViewController.h; sourceTree = "<group>"; };
		C08255302110491900A591B2 /* ViewController.m */ = {isa = PBXFileReference; lastKnownFileType = sourcecode.c.objc; path = ViewController.m; sourceTree = "<group>"; };
		C08255332110491900A591B2 /* Base */ = {isa = PBXFileReference; lastKnownFileType = file.storyboard; name = Base; path = Base.lproj/Main.storyboard; sourceTree = "<group>"; };
		C08255352110491900A591B2 /* Assets.xcassets */ = {isa = PBXFileReference; lastKnownFileType = folder.assetcatalog; path = Assets.xcassets; sourceTree = "<group>"; };
		C08255382110491900A591B2 /* Base */ = {isa = PBXFileReference; lastKnownFileType = file.storyboard; name = Base; path = Base.lproj/LaunchScreen.storyboard; sourceTree = "<group>"; };
		C082553A2110491900A591B2 /* Info.plist */ = {isa = PBXFileReference; lastKnownFileType = text.plist.xml; path = Info.plist; sourceTree = "<group>"; };
		C082553B2110491900A591B2 /* main.m */ = {isa = PBXFileReference; lastKnownFileType = sourcecode.c.objc; path = main.m; sourceTree = "<group>"; };
		C0825545211049B600A591B2 /* ViewController+Swizzling.h */ = {isa = PBXFileReference; lastKnownFileType = sourcecode.c.h; path = "ViewController+Swizzling.h"; sourceTree = "<group>"; };
		C0825546211049B600A591B2 /* ViewController+Swizzling.m */ = {isa = PBXFileReference; lastKnownFileType = sourcecode.c.objc; path = "ViewController+Swizzling.m"; sourceTree = "<group>"; };
/* End PBXFileReference section */

/* Begin PBXFrameworksBuildPhase section */
		C08255262110491900A591B2 /* Frameworks */ = {
			isa = PBXFrameworksBuildPhase;
			buildActionMask = 2147483647;
			files = (
			);
			runOnlyForDeploymentPostprocessing = 0;
		};
/* End PBXFrameworksBuildPhase section */

/* Begin PBXGroup section */
		C08255202110491900A591B2 = {
			isa = PBXGroup;
			children = (
				C082552B2110491900A591B2 /* MethodSwizzling */,
				C082552A2110491900A591B2 /* Products */,
			);
			sourceTree = "<group>";
		};
		C082552A2110491900A591B2 /* Products */ = {
			isa = PBXGroup;
			children = (
				C08255292110491900A591B2 /* MethodSwizzling.app */,
			);
			name = Products;
			sourceTree = "<group>";
		};
		C082552B2110491900A591B2 /* MethodSwizzling */ = {
			isa = PBXGroup;
			children = (
				C082552C2110491900A591B2 /* AppDelegate.h */,
				C082552D2110491900A591B2 /* AppDelegate.m */,
				C082552F2110491900A591B2 /* ViewController.h */,
				C08255302110491900A591B2 /* ViewController.m */,
				C0825545211049B600A591B2 /* ViewController+Swizzling.h */,
				C0825546211049B600A591B2 /* ViewController+Swizzling.m */,
				C08255322110491900A591B2 /* Main.storyboard */,
				C08255352110491900A591B2 /* Assets.xcassets */,
				C08255372110491900A591B2 /* LaunchScreen.storyboard */,
				C082553A2110491900A591B2 /* Info.plist */,
				C082553B2110491900A591B2 /* main.m */,
			);
			path = MethodSwizzling;
			sourceTree = "<group>";
		};
/* End PBXGroup section */

/* Begin PBXNativeTarget section */
		C08255282110491900A591B2 /* MethodSwizzling */ = {
			isa = PBXNativeTarget;
			buildConfigurationList = C082553F2110491900A591B2 /* Build configuration list for PBXNativeTarget "MethodSwizzling" */;
			buildPhases = (
				C08255252110491900A591B2 /* Sources */,
				C08255262110491900A591B2 /* Frameworks */,
				C08255272110491900A591B2 /* Resources */,
			);
			buildRules = (
			);
			dependencies = (
			);
			name = MethodSwizzling;
			productName = MethodSwizzling;
			productReference = C08255292110491900A591B2 /* MethodSwizzling.app */;
			productType = "com.apple.product-type.application";
		};
/* End PBXNativeTarget section */

/* Begin PBXProject section */
		C08255212110491900A591B2 /* Project object */ = {
			isa = PBXProject;
			attributes = {
				LastUpgradeCheck = 0920;
				ORGANIZATIONNAME = WondersGroup;
				TargetAttributes = {
					C08255282110491900A591B2 = {
						CreatedOnToolsVersion = 9.2;
						ProvisioningStyle = Automatic;
					};
				};
			};
			buildConfigurationList = C08255242110491900A591B2 /* Build configuration list for PBXProject "MethodSwizzling" */;
			compatibilityVersion = "Xcode 8.0";
			developmentRegion = en;
			hasScannedForEncodings = 0;
			knownRegions = (
				en,
				Base,
			);
			mainGroup = C08255202110491900A591B2;
			productRefGroup = C082552A2110491900A591B2 /* Products */;
			projectDirPath = "";
			projectRoot = "";
			targets = (
				C08255282110491900A591B2 /* MethodSwizzling */,
			);
		};
/* End PBXProject section */

/* Begin PBXResourcesBuildPhase section */
		C08255272110491900A591B2 /* Resources */ = {
			isa = PBXResourcesBuildPhase;
			buildActionMask = 2147483647;
			files = (
				C08255392110491900A591B2 /* LaunchScreen.storyboard in Resources */,
				C08255362110491900A591B2 /* Assets.xcassets in Resources */,
				C08255342110491900A591B2 /* Main.storyboard in Resources */,
			);
			runOnlyForDeploymentPostprocessing = 0;
		};
/* End PBXResourcesBuildPhase section */

/* Begin PBXSourcesBuildPhase section */
		C08255252110491900A591B2 /* Sources */ = {
			isa = PBXSourcesBuildPhase;
			buildActionMask = 2147483647;
			files = (
				C0825547211049B600A591B2 /* ViewController+Swizzling.m in Sources */,
				C08255312110491900A591B2 /* ViewController.m in Sources */,
				C082553C2110491900A591B2 /* main.m in Sources */,
				C082552E2110491900A591B2 /* AppDelegate.m in Sources */,
			);
			runOnlyForDeploymentPostprocessing = 0;
		};
/* End PBXSourcesBuildPhase section */

/* Begin PBXVariantGroup section */
		C08255322110491900A591B2 /* Main.storyboard */ = {
			isa = PBXVariantGroup;
			children = (
				C08255332110491900A591B2 /* Base */,
			);
			name = Main.storyboard;
			sourceTree = "<group>";
		};
		C08255372110491900A591B2 /* LaunchScreen.storyboard */ = {
			isa = PBXVariantGroup;
			children = (
				C08255382110491900A591B2 /* Base */,
			);
			name = LaunchScreen.storyboard;
			sourceTree = "<group>";
		};
/* End PBXVariantGroup section */

/* Begin XCBuildConfiguration section */
		C082553D2110491900A591B2 /* Debug */ = {
			isa = XCBuildConfiguration;
			buildSettings = {
				ALWAYS_SEARCH_USER_PATHS = NO;
				CLANG_ANALYZER_NONNULL = YES;
				CLANG_ANALYZER_NUMBER_OBJECT_CONVERSION = YES_AGGRESSIVE;
				CLANG_CXX_LANGUAGE_STANDARD = "gnu++14";
				CLANG_CXX_LIBRARY = "libc++";
				CLANG_ENABLE_MODULES = YES;
				CLANG_ENABLE_OBJC_ARC = YES;
				CLANG_WARN_BLOCK_CAPTURE_AUTORELEASING = YES;
				CLANG_WARN_BOOL_CONVERSION = YES;
				CLANG_WARN_COMMA = YES;
				CLANG_WARN_CONSTANT_CONVERSION = YES;
				CLANG_WARN_DIRECT_OBJC_ISA_USAGE = YES_ERROR;
				CLANG_WARN_DOCUMENTATION_COMMENTS = YES;
				CLANG_WARN_EMPTY_BODY = YES;
				CLANG_WARN_ENUM_CONVERSION = YES;
				CLANG_WARN_INFINITE_RECURSION = YES;
				CLANG_WARN_INT_CONVERSION = YES;
				CLANG_WARN_NON_LITERAL_NULL_CONVERSION = YES;
				CLANG_WARN_OBJC_LITERAL_CONVERSION = YES;
				CLANG_WARN_OBJC_ROOT_CLASS = YES_ERROR;
				CLANG_WARN_RANGE_LOOP_ANALYSIS = YES;
				CLANG_WARN_STRICT_PROTOTYPES = YES;
				CLANG_WARN_SUSPICIOUS_MOVE = YES;
				CLANG_WARN_UNGUARDED_AVAILABILITY = YES_AGGRESSIVE;
				CLANG_WARN_UNREACHABLE_CODE = YES;
				CLANG_WARN__DUPLICATE_METHOD_MATCH = YES;
				CODE_SIGN_IDENTITY = "iPhone Developer";
				COPY_PHASE_STRIP = NO;
				DEBUG_INFORMATION_FORMAT = dwarf;
				ENABLE_STRICT_OBJC_MSGSEND = YES;
				ENABLE_TESTABILITY = YES;
				GCC_C_LANGUAGE_STANDARD = gnu11;
				GCC_DYNAMIC_NO_PIC = NO;
				GCC_NO_COMMON_BLOCKS = YES;
				GCC_OPTIMIZATION_LEVEL = 0;
				GCC_PREPROCESSOR_DEFINITIONS = (
					"DEBUG=1",
					"$(inherited)",
				);
				GCC_WARN_64_TO_32_BIT_CONVERSION = YES;
				GCC_WARN_ABOUT_RETURN_TYPE = YES_ERROR;
				GCC_WARN_UNDECLARED_SELECTOR = YES;
				GCC_WARN_UNINITIALIZED_AUTOS = YES_AGGRESSIVE;
				GCC_WARN_UNUSED_FUNCTION = YES;
				GCC_WARN_UNUSED_VARIABLE = YES;
				IPHONEOS_DEPLOYMENT_TARGET = 11.2;
				MTL_ENABLE_DEBUG_INFO = YES;
				ONLY_ACTIVE_ARCH = YES;
				SDKROOT = iphoneos;
			};
			name = Debug;
		};
		C082553E2110491900A591B2 /* Release */ = {
			isa = XCBuildConfiguration;
			buildSettings = {
				ALWAYS_SEARCH_USER_PATHS = NO;
				CLANG_ANALYZER_NONNULL = YES;
				CLANG_ANALYZER_NUMBER_OBJECT_CONVERSION = YES_AGGRESSIVE;
				CLANG_CXX_LANGUAGE_STANDARD = "gnu++14";
				CLANG_CXX_LIBRARY = "libc++";
				CLANG_ENABLE_MODULES = YES;
				CLANG_ENABLE_OBJC_ARC = YES;
				CLANG_WARN_BLOCK_CAPTURE_AUTORELEASING = YES;
				CLANG_WARN_BOOL_CONVERSION = YES;
				CLANG_WARN_COMMA = YES;
				CLANG_WARN_CONSTANT_CONVERSION = YES;
				CLANG_WARN_DIRECT_OBJC_ISA_USAGE = YES_ERROR;
				CLANG_WARN_DOCUMENTATION_COMMENTS = YES;
				CLANG_WARN_EMPTY_BODY = YES;
				CLANG_WARN_ENUM_CONVERSION = YES;
				CLANG_WARN_INFINITE_RECURSION = YES;
				CLANG_WARN_INT_CONVERSION = YES;
				CLANG_WARN_NON_LITERAL_NULL_CONVERSION = YES;
				CLANG_WARN_OBJC_LITERAL_CONVERSION = YES;
				CLANG_WARN_OBJC_ROOT_CLASS = YES_ERROR;
				CLANG_WARN_RANGE_LOOP_ANALYSIS = YES;
				CLANG_WARN_STRICT_PROTOTYPES = YES;
				CLANG_WARN_SUSPICIOUS_MOVE = YES;
				CLANG_WARN_UNGUARDED_AVAILABILITY = YES_AGGRESSIVE;
				CLANG_WARN_UNREACHABLE_CODE = YES;
				CLANG_WARN__DUPLICATE_METHOD_MATCH = YES;
				CODE_SIGN_IDENTITY = "iPhone Developer";
				COPY_PHASE_STRIP = NO;
				DEBUG_INFORMATION_FORMAT = "dwarf-with-dsym";
				ENABLE_NS_ASSERTIONS = NO;
				ENABLE_STRICT_OBJC_MSGSEND = YES;
				GCC_C_LANGUAGE_STANDARD = gnu11;
				GCC_NO_COMMON_BLOCKS = YES;
				GCC_WARN_64_TO_32_BIT_CONVERSION = YES;
				GCC_WARN_ABOUT_RETURN_TYPE = YES_ERROR;
				GCC_WARN_UNDECLARED_SELECTOR = YES;
				GCC_WARN_UNINITIALIZED_AUTOS = YES_AGGRESSIVE;
				GCC_WARN_UNUSED_FUNCTION = YES;
				GCC_WARN_UNUSED_VARIABLE = YES;
				IPHONEOS_DEPLOYMENT_TARGET = 11.2;
				MTL_ENABLE_DEBUG_INFO = NO;
				SDKROOT = iphoneos;
				VALIDATE_PRODUCT = YES;
			};
			name = Release;
		};
		C08255402110491900A591B2 /* Debug */ = {
			isa = XCBuildConfiguration;
			buildSettings = {
				ASSETCATALOG_COMPILER_APPICON_NAME = AppIcon;
				CODE_SIGN_STYLE = Automatic;
				DEVELOPMENT_TEAM = TFEY5JV6HS;
				ENABLE_STRICT_OBJC_MSGSEND = NO;
				INFOPLIST_FILE = MethodSwizzling/Info.plist;
				LD_RUNPATH_SEARCH_PATHS = "$(inherited) @executable_path/Frameworks";
				PRODUCT_BUNDLE_IDENTIFIER = com.penghe.test.MethodSwizzling;
				PRODUCT_NAME = "$(TARGET_NAME)";
				TARGETED_DEVICE_FAMILY = "1,2";
			};
			name = Debug;
		};
		C08255412110491900A591B2 /* Release */ = {
			isa = XCBuildConfiguration;
			buildSettings = {
				ASSETCATALOG_COMPILER_APPICON_NAME = AppIcon;
				CODE_SIGN_STYLE = Automatic;
				DEVELOPMENT_TEAM = TFEY5JV6HS;
				ENABLE_STRICT_OBJC_MSGSEND = NO;
				INFOPLIST_FILE = MethodSwizzling/Info.plist;
				LD_RUNPATH_SEARCH_PATHS = "$(inherited) @executable_path/Frameworks";
				PRODUCT_BUNDLE_IDENTIFIER = com.penghe.test.MethodSwizzling;
				PRODUCT_NAME = "$(TARGET_NAME)";
				TARGETED_DEVICE_FAMILY = "1,2";
			};
			name = Release;
		};
/* End XCBuildConfiguration section */

/* Begin XCConfigurationList section */
		C08255242110491900A591B2 /* Build configuration list for PBXProject "MethodSwizzling" */ = {
			isa = XCConfigurationList;
			buildConfigurations = (
				C082553D2110491900A591B2 /* Debug */,
				C082553E2110491900A591B2 /* Release */,
			);
			defaultConfigurationIsVisible = 0;
			defaultConfigurationName = Release;
		};
		C082553F2110491900A591B2 /* Build configuration list for PBXNativeTarget "MethodSwizzling" */ = {
			isa = XCConfigurationList;
			buildConfigurations = (
				C08255402110491900A591B2 /* Debug */,
				C08255412110491900A591B2 /* Release */,
			);
			defaultConfigurationIsVisible = 0;
			defaultConfigurationName = Release;
		};
/* End XCConfigurationList section */
	};
	rootObject = C08255212110491900A591B2 /* Project object */;
}
